
Microsoft Visual Studio Solution File, Format Version 12.00
# Visual Studio Version 17
VisualStudioVersion = 17.14.36414.22 d17.14
MinimumVisualStudioVersion = 10.0.40219.1
Project("{FAE04EC0-301F-11D3-BF4B-00C04F79EFBC}") = "SoundShell", "SoundShell.csproj", "{A92B2EB8-C881-D5C2-D84B-5A8E807DC37F}"
EndProject
Global
	GlobalSection(SolutionConfigurationPlatforms) = preSolution
		Debug|Any CPU = Debug|Any CPU
		Release|Any CPU = Release|Any CPU
	EndGlobalSection
	GlobalSection(ProjectConfigurationPlatforms) = postSolution
		{A92B2EB8-C881-D5C2-D84B-5A8E807DC37F}.Debug|Any CPU.ActiveCfg = Debug|Any CPU
		{A92B2EB8-C881-D5C2-D84B-5A8E807DC37F}.Debug|Any CPU.Build.0 = Debug|Any CPU
		{A92B2EB8-C881-D5C2-D84B-5A8E807DC37F}.Release|Any CPU.ActiveCfg = Release|Any CPU
		{A92B2EB8-C881-D5C2-D84B-5A8E807DC37F}.Release|Any CPU.Build.0 = Release|Any CPU
	EndGlobalSection
	GlobalSection(SolutionProperties) = preSolution
		HideSolutionNode = FALSE
	EndGlobalSection
	GlobalSection(ExtensibilityGlobals) = postSolution
		SolutionGuid = {00C90828-6D65-43E6-AD68-BDA62E6761B9}
	EndGlobalSection
EndGlobal
